{
  "version": 4,
  "terraform_version": "1.5.1",
  "serial": 5,
  "lineage": "042dc0ff-9029-0cd5-1630-04fd7c35529d",
  "outputs": {},
  "resources": [
    {
      "mode": "managed",
      "type": "aci_tenant",
      "name": "terraform_tenant",
      "provider": "provider[\"registry.terraform.io/ciscodevnet/aci\"]",
      "instances": [
        {
          "schema_version": 1,
          "attributes": {
            "annotation": "orchestrator:terraform",
            "description": "CISCOU Demo Tenant",
            "id": "uni/tn-CiscoU-Tenant-02",
            "name": "CiscoU-Tenant-02",
            "name_alias": "",
            "relation_fv_rs_tenant_mon_pol": "",
            "relation_fv_rs_tn_deny_rule": null
          },
          "sensitive_attributes": [],
          "private": "eyJzY2hlbWFfdmVyc2lvbiI6IjEifQ=="
        }
      ]
    }
  ],
  "check_results": null
}
